
Microsoft Visual Studio Solution File, Format Version 12.00
# Visual Studio 15
VisualStudioVersion = 15.0.28307.168
MinimumVisualStudioVersion = 10.0.40219.1
Project("{FAE04EC0-301F-11D3-BF4B-00C04F79EFBC}") = "ShoppingWebApp", "ShoppingWebApp\ShoppingWebApp.csproj", "{F6392C48-738E-4EAD-B57C-9A9C09C1DF4A}"
EndProject
Global
	GlobalSection(SolutionConfigurationPlatforms) = preSolution
		Debug|Any CPU = Debug|Any CPU
		Release|Any CPU = Release|Any CPU
	EndGlobalSection
	GlobalSection(ProjectConfigurationPlatforms) = postSolution
		{F6392C48-738E-4EAD-B57C-9A9C09C1DF4A}.Debug|Any CPU.ActiveCfg = Debug|Any CPU
		{F6392C48-738E-4EAD-B57C-9A9C09C1DF4A}.Debug|Any CPU.Build.0 = Debug|Any CPU
		{F6392C48-738E-4EAD-B57C-9A9C09C1DF4A}.Release|Any CPU.ActiveCfg = Release|Any CPU
		{F6392C48-738E-4EAD-B57C-9A9C09C1DF4A}.Release|Any CPU.Build.0 = Release|Any CPU
	EndGlobalSection
	GlobalSection(SolutionProperties) = preSolution
		HideSolutionNode = FALSE
	EndGlobalSection
	GlobalSection(ExtensibilityGlobals) = postSolution
		SolutionGuid = {8807AE79-F235-46F0-B8D8-928EA6102A5F}
	EndGlobalSection
EndGlobal
